
Microsoft Visual Studio Solution File, Format Version 12.00
# Visual Studio Version 17
VisualStudioVersion = 17.13.35828.75
MinimumVisualStudioVersion = 10.0.40219.1
Project("{FAE04EC0-301F-11D3-BF4B-00C04F79EFBC}") = "WpfApp17", "..\z17\z17\z17.csproj", "{A2D6B570-2838-4BC1-9FCB-79DB3A2BEC6B}"
EndProject
Global
	GlobalSection(SolutionConfigurationPlatforms) = preSolution
		Debug|Any CPU = Debug|Any CPU
		Release|Any CPU = Release|Any CPU
	EndGlobalSection
	GlobalSection(ProjectConfigurationPlatforms) = postSolution
		{A2D6B570-2838-4BC1-9FCB-79DB3A2BEC6B}.Debug|Any CPU.ActiveCfg = Debug|Any CPU
		{A2D6B570-2838-4BC1-9FCB-79DB3A2BEC6B}.Debug|Any CPU.Build.0 = Debug|Any CPU
		{A2D6B570-2838-4BC1-9FCB-79DB3A2BEC6B}.Release|Any CPU.ActiveCfg = Release|Any CPU
		{A2D6B570-2838-4BC1-9FCB-79DB3A2BEC6B}.Release|Any CPU.Build.0 = Release|Any CPU
	EndGlobalSection
	GlobalSection(SolutionProperties) = preSolution
		HideSolutionNode = FALSE
	EndGlobalSection
	GlobalSection(ExtensibilityGlobals) = postSolution
		SolutionGuid = {77D37431-C1A9-4654-B13F-759570D7A358}
	EndGlobalSection
EndGlobal
